
Microsoft Visual Studio Solution File, Format Version 12.00
# Visual Studio 15
VisualStudioVersion = 15.0.28307.645
MinimumVisualStudioVersion = 10.0.40219.1
Project("{FAE04EC0-301F-11D3-BF4B-00C04F79EFBC}") = "01_Fabrica_De_Conexiones", "01_Fabrica_De_Conexiones\01_Fabrica_De_Conexiones.csproj", "{DC5F75E4-C936-46BE-82AE-440BA1CC8EF0}"
EndProject
Global
	GlobalSection(SolutionConfigurationPlatforms) = preSolution
		Debug|Any CPU = Debug|Any CPU
		Release|Any CPU = Release|Any CPU
	EndGlobalSection
	GlobalSection(ProjectConfigurationPlatforms) = postSolution
		{DC5F75E4-C936-46BE-82AE-440BA1CC8EF0}.Debug|Any CPU.ActiveCfg = Debug|Any CPU
		{DC5F75E4-C936-46BE-82AE-440BA1CC8EF0}.Debug|Any CPU.Build.0 = Debug|Any CPU
		{DC5F75E4-C936-46BE-82AE-440BA1CC8EF0}.Release|Any CPU.ActiveCfg = Release|Any CPU
		{DC5F75E4-C936-46BE-82AE-440BA1CC8EF0}.Release|Any CPU.Build.0 = Release|Any CPU
	EndGlobalSection
	GlobalSection(SolutionProperties) = preSolution
		HideSolutionNode = FALSE
	EndGlobalSection
	GlobalSection(ExtensibilityGlobals) = postSolution
		SolutionGuid = {B2BAC83A-0DAE-4141-BDD9-334C0D3B4585}
	EndGlobalSection
EndGlobal
